
Microsoft Visual Studio Solution File, Format Version 12.00
# Visual Studio Version 17
VisualStudioVersion = 17.7.34221.43
MinimumVisualStudioVersion = 10.0.40219.1
Project("{54A90642-561A-4BB1-A94E-469ADEE60C69}") = "frontend-forum", "FrontEnd-Forum\frontend-forum.esproj", "{DE782D0B-A55F-4DDE-BB8C-9B6C2291D41C}"
EndProject
Global
	GlobalSection(SolutionConfigurationPlatforms) = preSolution
		Debug|Any CPU = Debug|Any CPU
		Release|Any CPU = Release|Any CPU
	EndGlobalSection
	GlobalSection(ProjectConfigurationPlatforms) = postSolution
		{DE782D0B-A55F-4DDE-BB8C-9B6C2291D41C}.Debug|Any CPU.ActiveCfg = Debug|Any CPU
		{DE782D0B-A55F-4DDE-BB8C-9B6C2291D41C}.Debug|Any CPU.Build.0 = Debug|Any CPU
		{DE782D0B-A55F-4DDE-BB8C-9B6C2291D41C}.Debug|Any CPU.Deploy.0 = Debug|Any CPU
		{DE782D0B-A55F-4DDE-BB8C-9B6C2291D41C}.Release|Any CPU.ActiveCfg = Release|Any CPU
		{DE782D0B-A55F-4DDE-BB8C-9B6C2291D41C}.Release|Any CPU.Build.0 = Release|Any CPU
		{DE782D0B-A55F-4DDE-BB8C-9B6C2291D41C}.Release|Any CPU.Deploy.0 = Release|Any CPU
	EndGlobalSection
	GlobalSection(SolutionProperties) = preSolution
		HideSolutionNode = FALSE
	EndGlobalSection
	GlobalSection(ExtensibilityGlobals) = postSolution
		SolutionGuid = {7D8C3EEA-903A-492C-A181-8F15119C4838}
	EndGlobalSection
EndGlobal
